// !$*UTF8*$!
{
	archiveVersion = 1;
	classes = {
	};
	objectVersion = 46;
	objects = {

/* Begin PBXBuildFile section */
		3EBE3D09166DB93F00F3F917 /* Foundation.framework in Frameworks */ = {isa = PBXBuildFile; fileRef = 3EBE3D08166DB93F00F3F917 /* Foundation.framework */; };
		3EBE3D0C166DB93F00F3F917 /* main.m in Sources */ = {isa = PBXBuildFile; fileRef = 3EBE3D0B166DB93F00F3F917 /* main.m */; };
		3EBE3D10166DB93F00F3F917 /* bma_week_12_ObjectiveC.1 in CopyFiles */ = {isa = PBXBuildFile; fileRef = 3EBE3D0F166DB93F00F3F917 /* bma_week_12_ObjectiveC.1 */; };
		3EBE3D18166DB97100F3F917 /* StockHolding.m in Sources */ = {isa = PBXBuildFile; fileRef = 3EBE3D17166DB97100F3F917 /* StockHolding.m */; };
		3EBE3D1B166DC79100F3F917 /* ForeignStockHolding.m in Sources */ = {isa = PBXBuildFile; fileRef = 3EBE3D1A166DC79100F3F917 /* ForeignStockHolding.m */; };
/* End PBXBuildFile section */

/* Begin PBXCopyFilesBuildPhase section */
		3EBE3D02166DB93F00F3F917 /* CopyFiles */ = {
			isa = PBXCopyFilesBuildPhase;
			buildActionMask = 2147483647;
			dstPath = /usr/share/man/man1/;
			dstSubfolderSpec = 0;
			files = (
				3EBE3D10166DB93F00F3F917 /* bma_week_12_ObjectiveC.1 in CopyFiles */,
			);
			runOnlyForDeploymentPostprocessing = 1;
		};
/* End PBXCopyFilesBuildPhase section */

/* Begin PBXFileReference section */
		3EBE3D04166DB93F00F3F917 /* bma-week-12-ObjectiveC */ = {isa = PBXFileReference; explicitFileType = "compiled.mach-o.executable"; includeInIndex = 0; path = "bma-week-12-ObjectiveC"; sourceTree = BUILT_PRODUCTS_DIR; };
		3EBE3D08166DB93F00F3F917 /* Foundation.framework */ = {isa = PBXFileReference; lastKnownFileType = wrapper.framework; name = Foundation.framework; path = System/Library/Frameworks/Foundation.framework; sourceTree = SDKROOT; };
		3EBE3D0B166DB93F00F3F917 /* main.m */ = {isa = PBXFileReference; lastKnownFileType = sourcecode.c.objc; path = main.m; sourceTree = "<group>"; };
		3EBE3D0E166DB93F00F3F917 /* bma-week-12-ObjectiveC-Prefix.pch */ = {isa = PBXFileReference; lastKnownFileType = sourcecode.c.h; path = "bma-week-12-ObjectiveC-Prefix.pch"; sourceTree = "<group>"; };
		3EBE3D0F166DB93F00F3F917 /* bma_week_12_ObjectiveC.1 */ = {isa = PBXFileReference; lastKnownFileType = text.man; path = bma_week_12_ObjectiveC.1; sourceTree = "<group>"; };
		3EBE3D16166DB97100F3F917 /* StockHolding.h */ = {isa = PBXFileReference; fileEncoding = 4; lastKnownFileType = sourcecode.c.h; path = StockHolding.h; sourceTree = "<group>"; };
		3EBE3D17166DB97100F3F917 /* StockHolding.m */ = {isa = PBXFileReference; fileEncoding = 4; lastKnownFileType = sourcecode.c.objc; path = StockHolding.m; sourceTree = "<group>"; };
		3EBE3D19166DC79100F3F917 /* ForeignStockHolding.h */ = {isa = PBXFileReference; fileEncoding = 4; lastKnownFileType = sourcecode.c.h; path = ForeignStockHolding.h; sourceTree = "<group>"; };
		3EBE3D1A166DC79100F3F917 /* ForeignStockHolding.m */ = {isa = PBXFileReference; fileEncoding = 4; lastKnownFileType = sourcecode.c.objc; path = ForeignStockHolding.m; sourceTree = "<group>"; };
/* End PBXFileReference section */

/* Begin PBXFrameworksBuildPhase section */
		3EBE3D01166DB93F00F3F917 /* Frameworks */ = {
			isa = PBXFrameworksBuildPhase;
			buildActionMask = 2147483647;
			files = (
				3EBE3D09166DB93F00F3F917 /* Foundation.framework in Frameworks */,
			);
			runOnlyForDeploymentPostprocessing = 0;
		};
/* End PBXFrameworksBuildPhase section */

/* Begin PBXGroup section */
		3EBE3CF9166DB93F00F3F917 = {
			isa = PBXGroup;
			children = (
				3EBE3D0A166DB93F00F3F917 /* bma-week-12-ObjectiveC */,
				3EBE3D07166DB93F00F3F917 /* Frameworks */,
				3EBE3D05166DB93F00F3F917 /* Products */,
			);
			sourceTree = "<group>";
		};
		3EBE3D05166DB93F00F3F917 /* Products */ = {
			isa = PBXGroup;
			children = (
				3EBE3D04166DB93F00F3F917 /* bma-week-12-ObjectiveC */,
			);
			name = Products;
			sourceTree = "<group>";
		};
		3EBE3D07166DB93F00F3F917 /* Frameworks */ = {
			isa = PBXGroup;
			children = (
				3EBE3D08166DB93F00F3F917 /* Foundation.framework */,
			);
			name = Frameworks;
			sourceTree = "<group>";
		};
		3EBE3D0A166DB93F00F3F917 /* bma-week-12-ObjectiveC */ = {
			isa = PBXGroup;
			children = (
				3EBE3D0B166DB93F00F3F917 /* main.m */,
				3EBE3D0F166DB93F00F3F917 /* bma_week_12_ObjectiveC.1 */,
				3EBE3D0D166DB93F00F3F917 /* Supporting Files */,
				3EBE3D16166DB97100F3F917 /* StockHolding.h */,
				3EBE3D17166DB97100F3F917 /* StockHolding.m */,
				3EBE3D19166DC79100F3F917 /* ForeignStockHolding.h */,
				3EBE3D1A166DC79100F3F917 /* ForeignStockHolding.m */,
			);
			path = "bma-week-12-ObjectiveC";
			sourceTree = "<group>";
		};
		3EBE3D0D166DB93F00F3F917 /* Supporting Files */ = {
			isa = PBXGroup;
			children = (
				3EBE3D0E166DB93F00F3F917 /* bma-week-12-ObjectiveC-Prefix.pch */,
			);
			name = "Supporting Files";
			sourceTree = "<group>";
		};
/* End PBXGroup section */

/* Begin PBXNativeTarget section */
		3EBE3D03166DB93F00F3F917 /* bma-week-12-ObjectiveC */ = {
			isa = PBXNativeTarget;
			buildConfigurationList = 3EBE3D13166DB93F00F3F917 /* Build configuration list for PBXNativeTarget "bma-week-12-ObjectiveC" */;
			buildPhases = (
				3EBE3D00166DB93F00F3F917 /* Sources */,
				3EBE3D01166DB93F00F3F917 /* Frameworks */,
				3EBE3D02166DB93F00F3F917 /* CopyFiles */,
			);
			buildRules = (
			);
			dependencies = (
			);
			name = "bma-week-12-ObjectiveC";
			productName = "bma-week-12-ObjectiveC";
			productReference = 3EBE3D04166DB93F00F3F917 /* bma-week-12-ObjectiveC */;
			productType = "com.apple.product-type.tool";
		};
/* End PBXNativeTarget section */

/* Begin PBXProject section */
		3EBE3CFB166DB93F00F3F917 /* Project object */ = {
			isa = PBXProject;
			attributes = {
				LastUpgradeCheck = 0450;
				ORGANIZATIONNAME = Mooncai;
			};
			buildConfigurationList = 3EBE3CFE166DB93F00F3F917 /* Build configuration list for PBXProject "bma-week-12-ObjectiveC" */;
			compatibilityVersion = "Xcode 3.2";
			developmentRegion = English;
			hasScannedForEncodings = 0;
			knownRegions = (
				en,
			);
			mainGroup = 3EBE3CF9166DB93F00F3F917;
			productRefGroup = 3EBE3D05166DB93F00F3F917 /* Products */;
			projectDirPath = "";
			projectRoot = "";
			targets = (
				3EBE3D03166DB93F00F3F917 /* bma-week-12-ObjectiveC */,
			);
		};
/* End PBXProject section */

/* Begin PBXSourcesBuildPhase section */
		3EBE3D00166DB93F00F3F917 /* Sources */ = {
			isa = PBXSourcesBuildPhase;
			buildActionMask = 2147483647;
			files = (
				3EBE3D0C166DB93F00F3F917 /* main.m in Sources */,
				3EBE3D18166DB97100F3F917 /* StockHolding.m in Sources */,
				3EBE3D1B166DC79100F3F917 /* ForeignStockHolding.m in Sources */,
			);
			runOnlyForDeploymentPostprocessing = 0;
		};
/* End PBXSourcesBuildPhase section */

/* Begin XCBuildConfiguration section */
		3EBE3D11166DB93F00F3F917 /* Debug */ = {
			isa = XCBuildConfiguration;
			buildSettings = {
				ALWAYS_SEARCH_USER_PATHS = NO;
				ARCHS = "$(ARCHS_STANDARD_64_BIT)";
				CLANG_CXX_LANGUAGE_STANDARD = "gnu++0x";
				CLANG_CXX_LIBRARY = "libc++";
				CLANG_ENABLE_OBJC_ARC = YES;
				CLANG_WARN_EMPTY_BODY = YES;
				CLANG_WARN__DUPLICATE_METHOD_MATCH = YES;
				COPY_PHASE_STRIP = NO;
				GCC_C_LANGUAGE_STANDARD = gnu99;
				GCC_DYNAMIC_NO_PIC = NO;
				GCC_ENABLE_OBJC_EXCEPTIONS = YES;
				GCC_OPTIMIZATION_LEVEL = 0;
				GCC_PREPROCESSOR_DEFINITIONS = (
					"DEBUG=1",
					"$(inherited)",
				);
				GCC_SYMBOLS_PRIVATE_EXTERN = NO;
				GCC_WARN_64_TO_32_BIT_CONVERSION = YES;
				GCC_WARN_ABOUT_RETURN_TYPE = YES;
				GCC_WARN_UNINITIALIZED_AUTOS = YES;
				GCC_WARN_UNUSED_VARIABLE = YES;
				MACOSX_DEPLOYMENT_TARGET = 10.7;
				ONLY_ACTIVE_ARCH = YES;
				SDKROOT = macosx;
			};
			name = Debug;
		};
		3EBE3D12166DB93F00F3F917 /* Release */ = {
			isa = XCBuildConfiguration;
			buildSettings = {
				ALWAYS_SEARCH_USER_PATHS = NO;
				ARCHS = "$(ARCHS_STANDARD_64_BIT)";
				CLANG_CXX_LANGUAGE_STANDARD = "gnu++0x";
				CLANG_CXX_LIBRARY = "libc++";
				CLANG_ENABLE_OBJC_ARC = YES;
				CLANG_WARN_EMPTY_BODY = YES;
				CLANG_WARN__DUPLICATE_METHOD_MATCH = YES;
				COPY_PHASE_STRIP = YES;
				DEBUG_INFORMATION_FORMAT = "dwarf-with-dsym";
				GCC_C_LANGUAGE_STANDARD = gnu99;
				GCC_ENABLE_OBJC_EXCEPTIONS = YES;
				GCC_WARN_64_TO_32_BIT_CONVERSION = YES;
				GCC_WARN_ABOUT_RETURN_TYPE = YES;
				GCC_WARN_UNINITIALIZED_AUTOS = YES;
				GCC_WARN_UNUSED_VARIABLE = YES;
				MACOSX_DEPLOYMENT_TARGET = 10.7;
				SDKROOT = macosx;
			};
			name = Release;
		};
		3EBE3D14166DB93F00F3F917 /* Debug */ = {
			isa = XCBuildConfiguration;
			buildSettings = {
				GCC_PRECOMPILE_PREFIX_HEADER = YES;
				GCC_PREFIX_HEADER = "bma-week-12-ObjectiveC/bma-week-12-ObjectiveC-Prefix.pch";
				PRODUCT_NAME = "$(TARGET_NAME)";
			};
			name = Debug;
		};
		3EBE3D15166DB93F00F3F917 /* Release */ = {
			isa = XCBuildConfiguration;
			buildSettings = {
				GCC_PRECOMPILE_PREFIX_HEADER = YES;
				GCC_PREFIX_HEADER = "bma-week-12-ObjectiveC/bma-week-12-ObjectiveC-Prefix.pch";
				PRODUCT_NAME = "$(TARGET_NAME)";
			};
			name = Release;
		};
/* End XCBuildConfiguration section */

/* Begin XCConfigurationList section */
		3EBE3CFE166DB93F00F3F917 /* Build configuration list for PBXProject "bma-week-12-ObjectiveC" */ = {
			isa = XCConfigurationList;
			buildConfigurations = (
				3EBE3D11166DB93F00F3F917 /* Debug */,
				3EBE3D12166DB93F00F3F917 /* Release */,
			);
			defaultConfigurationIsVisible = 0;
			defaultConfigurationName = Release;
		};
		3EBE3D13166DB93F00F3F917 /* Build configuration list for PBXNativeTarget "bma-week-12-ObjectiveC" */ = {
			isa = XCConfigurationList;
			buildConfigurations = (
				3EBE3D14166DB93F00F3F917 /* Debug */,
				3EBE3D15166DB93F00F3F917 /* Release */,
			);
			defaultConfigurationIsVisible = 0;
		};
/* End XCConfigurationList section */
	};
	rootObject = 3EBE3CFB166DB93F00F3F917 /* Project object */;
}
